
Microsoft Visual Studio Solution File, Format Version 12.00
# Visual Studio Version 17
VisualStudioVersion = 17.3.32811.315
MinimumVisualStudioVersion = 10.0.40219.1
Project("{FAE04EC0-301F-11D3-BF4B-00C04F79EFBC}") = "SzovegekFormazasa", "SzovegekFormazasa\SzovegekFormazasa.csproj", "{05279DFB-7635-48F6-9AB9-8F725AE1475F}"
EndProject
Global
	GlobalSection(SolutionConfigurationPlatforms) = preSolution
		Debug|Any CPU = Debug|Any CPU
		Release|Any CPU = Release|Any CPU
	EndGlobalSection
	GlobalSection(ProjectConfigurationPlatforms) = postSolution
		{05279DFB-7635-48F6-9AB9-8F725AE1475F}.Debug|Any CPU.ActiveCfg = Debug|Any CPU
		{05279DFB-7635-48F6-9AB9-8F725AE1475F}.Debug|Any CPU.Build.0 = Debug|Any CPU
		{05279DFB-7635-48F6-9AB9-8F725AE1475F}.Release|Any CPU.ActiveCfg = Release|Any CPU
		{05279DFB-7635-48F6-9AB9-8F725AE1475F}.Release|Any CPU.Build.0 = Release|Any CPU
	EndGlobalSection
	GlobalSection(SolutionProperties) = preSolution
		HideSolutionNode = FALSE
	EndGlobalSection
	GlobalSection(ExtensibilityGlobals) = postSolution
		SolutionGuid = {62A8D4E4-9802-4299-919B-46F44AD0178A}
	EndGlobalSection
EndGlobal
