
Microsoft Visual Studio Solution File, Format Version 12.00
# Visual Studio Version 17
VisualStudioVersion = 17.3.32811.315
MinimumVisualStudioVersion = 10.0.40219.1
Project("{FAE04EC0-301F-11D3-BF4B-00C04F79EFBC}") = "KozosTobbszoros", "KozosTobbszoros\KozosTobbszoros.csproj", "{1B9D5E0E-287E-4BFF-BBEA-834DAE3267B1}"
EndProject
Project("{FAE04EC0-301F-11D3-BF4B-00C04F79EFBC}") = "OsszesKozosOszto", "OsszesKozosOszto\OsszesKozosOszto.csproj", "{AB8CCFCC-6B8A-4A3B-99A4-2012C690AC1C}"
EndProject
Project("{FAE04EC0-301F-11D3-BF4B-00C04F79EFBC}") = "MuveletekTombokkel1", "MuveletekTombokkel1\MuveletekTombokkel1.csproj", "{E92864F4-75AB-4CBD-B5F3-199E40698DFA}"
EndProject
Project("{FAE04EC0-301F-11D3-BF4B-00C04F79EFBC}") = "MuveletekTombokkel2", "MuveletekTombokkel2\MuveletekTombokkel2.csproj", "{82215530-E966-4F3C-9AAD-995FAFFE0C14}"
EndProject
Project("{FAE04EC0-301F-11D3-BF4B-00C04F79EFBC}") = "MuveletekTombokkel3", "MuveletekTombokkel3\MuveletekTombokkel3.csproj", "{F5EC1ED5-045A-482D-AD44-6C2E1B8A6DF2}"
EndProject
Global
	GlobalSection(SolutionConfigurationPlatforms) = preSolution
		Debug|Any CPU = Debug|Any CPU
		Release|Any CPU = Release|Any CPU
	EndGlobalSection
	GlobalSection(ProjectConfigurationPlatforms) = postSolution
		{1B9D5E0E-287E-4BFF-BBEA-834DAE3267B1}.Debug|Any CPU.ActiveCfg = Debug|Any CPU
		{1B9D5E0E-287E-4BFF-BBEA-834DAE3267B1}.Debug|Any CPU.Build.0 = Debug|Any CPU
		{1B9D5E0E-287E-4BFF-BBEA-834DAE3267B1}.Release|Any CPU.ActiveCfg = Release|Any CPU
		{1B9D5E0E-287E-4BFF-BBEA-834DAE3267B1}.Release|Any CPU.Build.0 = Release|Any CPU
		{AB8CCFCC-6B8A-4A3B-99A4-2012C690AC1C}.Debug|Any CPU.ActiveCfg = Debug|Any CPU
		{AB8CCFCC-6B8A-4A3B-99A4-2012C690AC1C}.Debug|Any CPU.Build.0 = Debug|Any CPU
		{AB8CCFCC-6B8A-4A3B-99A4-2012C690AC1C}.Release|Any CPU.ActiveCfg = Release|Any CPU
		{AB8CCFCC-6B8A-4A3B-99A4-2012C690AC1C}.Release|Any CPU.Build.0 = Release|Any CPU
		{E92864F4-75AB-4CBD-B5F3-199E40698DFA}.Debug|Any CPU.ActiveCfg = Debug|Any CPU
		{E92864F4-75AB-4CBD-B5F3-199E40698DFA}.Debug|Any CPU.Build.0 = Debug|Any CPU
		{E92864F4-75AB-4CBD-B5F3-199E40698DFA}.Release|Any CPU.ActiveCfg = Release|Any CPU
		{E92864F4-75AB-4CBD-B5F3-199E40698DFA}.Release|Any CPU.Build.0 = Release|Any CPU
		{82215530-E966-4F3C-9AAD-995FAFFE0C14}.Debug|Any CPU.ActiveCfg = Debug|Any CPU
		{82215530-E966-4F3C-9AAD-995FAFFE0C14}.Debug|Any CPU.Build.0 = Debug|Any CPU
		{82215530-E966-4F3C-9AAD-995FAFFE0C14}.Release|Any CPU.ActiveCfg = Release|Any CPU
		{82215530-E966-4F3C-9AAD-995FAFFE0C14}.Release|Any CPU.Build.0 = Release|Any CPU
		{F5EC1ED5-045A-482D-AD44-6C2E1B8A6DF2}.Debug|Any CPU.ActiveCfg = Debug|Any CPU
		{F5EC1ED5-045A-482D-AD44-6C2E1B8A6DF2}.Debug|Any CPU.Build.0 = Debug|Any CPU
		{F5EC1ED5-045A-482D-AD44-6C2E1B8A6DF2}.Release|Any CPU.ActiveCfg = Release|Any CPU
		{F5EC1ED5-045A-482D-AD44-6C2E1B8A6DF2}.Release|Any CPU.Build.0 = Release|Any CPU
	EndGlobalSection
	GlobalSection(SolutionProperties) = preSolution
		HideSolutionNode = FALSE
	EndGlobalSection
	GlobalSection(ExtensibilityGlobals) = postSolution
		SolutionGuid = {84B2EAD6-18DE-443B-82BC-9DF4F401E9C6}
	EndGlobalSection
EndGlobal
