
Microsoft Visual Studio Solution File, Format Version 12.00
# Visual Studio Version 17
VisualStudioVersion = 17.3.32811.315
MinimumVisualStudioVersion = 10.0.40219.1
Project("{FAE04EC0-301F-11D3-BF4B-00C04F79EFBC}") = "Login", "Login\Login.csproj", "{DAB1C4E7-C089-45AA-AF5C-6F6561DA2BFA}"
EndProject
Project("{FAE04EC0-301F-11D3-BF4B-00C04F79EFBC}") = "BoltNyilvatartoAlkalmazas", "BoltNyilvatartoAlkalmazas\BoltNyilvatartoAlkalmazas.csproj", "{6E2AFA99-1B97-4D60-96BB-C642119654FA}"
EndProject
Global
	GlobalSection(SolutionConfigurationPlatforms) = preSolution
		Debug|Any CPU = Debug|Any CPU
		Release|Any CPU = Release|Any CPU
	EndGlobalSection
	GlobalSection(ProjectConfigurationPlatforms) = postSolution
		{DAB1C4E7-C089-45AA-AF5C-6F6561DA2BFA}.Debug|Any CPU.ActiveCfg = Debug|Any CPU
		{DAB1C4E7-C089-45AA-AF5C-6F6561DA2BFA}.Debug|Any CPU.Build.0 = Debug|Any CPU
		{DAB1C4E7-C089-45AA-AF5C-6F6561DA2BFA}.Release|Any CPU.ActiveCfg = Release|Any CPU
		{DAB1C4E7-C089-45AA-AF5C-6F6561DA2BFA}.Release|Any CPU.Build.0 = Release|Any CPU
		{6E2AFA99-1B97-4D60-96BB-C642119654FA}.Debug|Any CPU.ActiveCfg = Debug|Any CPU
		{6E2AFA99-1B97-4D60-96BB-C642119654FA}.Debug|Any CPU.Build.0 = Debug|Any CPU
		{6E2AFA99-1B97-4D60-96BB-C642119654FA}.Release|Any CPU.ActiveCfg = Release|Any CPU
		{6E2AFA99-1B97-4D60-96BB-C642119654FA}.Release|Any CPU.Build.0 = Release|Any CPU
	EndGlobalSection
	GlobalSection(SolutionProperties) = preSolution
		HideSolutionNode = FALSE
	EndGlobalSection
	GlobalSection(ExtensibilityGlobals) = postSolution
		SolutionGuid = {C6376160-939C-4132-A193-FE74A38C843D}
	EndGlobalSection
EndGlobal
