
Microsoft Visual Studio Solution File, Format Version 12.00
# Visual Studio Version 17
VisualStudioVersion = 17.3.32811.315
MinimumVisualStudioVersion = 10.0.40219.1
Project("{FAE04EC0-301F-11D3-BF4B-00C04F79EFBC}") = "Nyilvantarto", "Nyilvantarto\Nyilvantarto.csproj", "{1DB11D4A-A0F3-41C1-BC1D-77F40AB13776}"
EndProject
Global
	GlobalSection(SolutionConfigurationPlatforms) = preSolution
		Debug|Any CPU = Debug|Any CPU
		Release|Any CPU = Release|Any CPU
	EndGlobalSection
	GlobalSection(ProjectConfigurationPlatforms) = postSolution
		{1DB11D4A-A0F3-41C1-BC1D-77F40AB13776}.Debug|Any CPU.ActiveCfg = Debug|Any CPU
		{1DB11D4A-A0F3-41C1-BC1D-77F40AB13776}.Debug|Any CPU.Build.0 = Debug|Any CPU
		{1DB11D4A-A0F3-41C1-BC1D-77F40AB13776}.Release|Any CPU.ActiveCfg = Release|Any CPU
		{1DB11D4A-A0F3-41C1-BC1D-77F40AB13776}.Release|Any CPU.Build.0 = Release|Any CPU
	EndGlobalSection
	GlobalSection(SolutionProperties) = preSolution
		HideSolutionNode = FALSE
	EndGlobalSection
	GlobalSection(ExtensibilityGlobals) = postSolution
		SolutionGuid = {8D73CDBE-16BC-4AE4-88F9-8CCD899CB0A2}
	EndGlobalSection
EndGlobal
